
Microsoft Visual Studio Solution File, Format Version 12.00
# Visual Studio Version 17
VisualStudioVersion = 17.9.34607.119
MinimumVisualStudioVersion = 10.0.40219.1
Project("{FAE04EC0-301F-11D3-BF4B-00C04F79EFBC}") = "BCA2-POE", "BCA2-POE.csproj", "{1390F4C9-9FFE-4F00-A5D1-03DB9D2EB826}"
EndProject
Project("{FAE04EC0-301F-11D3-BF4B-00C04F79EFBC}") = "UnitTestProject1", "UnitTestProject1\UnitTestProject1.csproj", "{6B7706B5-CC0B-4946-ACF8-2DC904A5FC11}"
EndProject
Global
	GlobalSection(SolutionConfigurationPlatforms) = preSolution
		Debug|Any CPU = Debug|Any CPU
		Release|Any CPU = Release|Any CPU
	EndGlobalSection
	GlobalSection(ProjectConfigurationPlatforms) = postSolution
		{1390F4C9-9FFE-4F00-A5D1-03DB9D2EB826}.Debug|Any CPU.ActiveCfg = Debug|Any CPU
		{1390F4C9-9FFE-4F00-A5D1-03DB9D2EB826}.Debug|Any CPU.Build.0 = Debug|Any CPU
		{1390F4C9-9FFE-4F00-A5D1-03DB9D2EB826}.Release|Any CPU.ActiveCfg = Release|Any CPU
		{1390F4C9-9FFE-4F00-A5D1-03DB9D2EB826}.Release|Any CPU.Build.0 = Release|Any CPU
		{6B7706B5-CC0B-4946-ACF8-2DC904A5FC11}.Debug|Any CPU.ActiveCfg = Debug|Any CPU
		{6B7706B5-CC0B-4946-ACF8-2DC904A5FC11}.Debug|Any CPU.Build.0 = Debug|Any CPU
		{6B7706B5-CC0B-4946-ACF8-2DC904A5FC11}.Release|Any CPU.ActiveCfg = Release|Any CPU
		{6B7706B5-CC0B-4946-ACF8-2DC904A5FC11}.Release|Any CPU.Build.0 = Release|Any CPU
	EndGlobalSection
	GlobalSection(SolutionProperties) = preSolution
		HideSolutionNode = FALSE
	EndGlobalSection
	GlobalSection(ExtensibilityGlobals) = postSolution
		SolutionGuid = {C9D3C8F6-1323-4649-BCED-41CB2847FC2D}
	EndGlobalSection
EndGlobal
